
Microsoft Visual Studio Solution File, Format Version 12.00
# Visual Studio Version 16
VisualStudioVersion = 16.0.31702.278
MinimumVisualStudioVersion = 10.0.40219.1
Project("{8BC9CEB8-8B4A-11D0-8D11-00A0C91BC942}") = "类型转换", "类型转换\类型转换.vcxproj", "{416FE7A0-3258-4D7C-82E4-B92DC0C57377}"
EndProject
Global
	GlobalSection(SolutionConfigurationPlatforms) = preSolution
		Debug|x64 = Debug|x64
		Debug|x86 = Debug|x86
		Release|x64 = Release|x64
		Release|x86 = Release|x86
	EndGlobalSection
	GlobalSection(ProjectConfigurationPlatforms) = postSolution
		{416FE7A0-3258-4D7C-82E4-B92DC0C57377}.Debug|x64.ActiveCfg = Debug|x64
		{416FE7A0-3258-4D7C-82E4-B92DC0C57377}.Debug|x64.Build.0 = Debug|x64
		{416FE7A0-3258-4D7C-82E4-B92DC0C57377}.Debug|x86.ActiveCfg = Debug|Win32
		{416FE7A0-3258-4D7C-82E4-B92DC0C57377}.Debug|x86.Build.0 = Debug|Win32
		{416FE7A0-3258-4D7C-82E4-B92DC0C57377}.Release|x64.ActiveCfg = Release|x64
		{416FE7A0-3258-4D7C-82E4-B92DC0C57377}.Release|x64.Build.0 = Release|x64
		{416FE7A0-3258-4D7C-82E4-B92DC0C57377}.Release|x86.ActiveCfg = Release|Win32
		{416FE7A0-3258-4D7C-82E4-B92DC0C57377}.Release|x86.Build.0 = Release|Win32
	EndGlobalSection
	GlobalSection(SolutionProperties) = preSolution
		HideSolutionNode = FALSE
	EndGlobalSection
	GlobalSection(ExtensibilityGlobals) = postSolution
		SolutionGuid = {AF703A30-AC46-476B-877A-580AD5C5C229}
	EndGlobalSection
EndGlobal
